
Microsoft Visual Studio Solution File, Format Version 12.00
# Visual Studio 15
VisualStudioVersion = 15.0.28307.136
MinimumVisualStudioVersion = 10.0.40219.1
Project("{9A19103F-16F7-4668-BE54-9A1E7A4F7556}") = "CoreTest", "TestApp\CoreTest.csproj", "{42E29ABA-4058-410E-A282-7654D5159B66}"
EndProject
Project("{FAE04EC0-301F-11D3-BF4B-00C04F79EFBC}") = "CoreLib", "CoreLib\CoreLib.csproj", "{944FA466-50A8-4B01-9FC5-72A67B0CEE85}"
EndProject
Global
	GlobalSection(SolutionConfigurationPlatforms) = preSolution
		Debug|Any CPU = Debug|Any CPU
		Release|Any CPU = Release|Any CPU
	EndGlobalSection
	GlobalSection(ProjectConfigurationPlatforms) = postSolution
		{42E29ABA-4058-410E-A282-7654D5159B66}.Debug|Any CPU.ActiveCfg = Debug|Any CPU
		{42E29ABA-4058-410E-A282-7654D5159B66}.Debug|Any CPU.Build.0 = Debug|Any CPU
		{42E29ABA-4058-410E-A282-7654D5159B66}.Release|Any CPU.ActiveCfg = Release|Any CPU
		{42E29ABA-4058-410E-A282-7654D5159B66}.Release|Any CPU.Build.0 = Release|Any CPU
		{944FA466-50A8-4B01-9FC5-72A67B0CEE85}.Debug|Any CPU.ActiveCfg = Debug|Any CPU
		{944FA466-50A8-4B01-9FC5-72A67B0CEE85}.Debug|Any CPU.Build.0 = Debug|Any CPU
		{944FA466-50A8-4B01-9FC5-72A67B0CEE85}.Release|Any CPU.ActiveCfg = Release|Any CPU
		{944FA466-50A8-4B01-9FC5-72A67B0CEE85}.Release|Any CPU.Build.0 = Release|Any CPU
	EndGlobalSection
	GlobalSection(SolutionProperties) = preSolution
		HideSolutionNode = FALSE
	EndGlobalSection
	GlobalSection(ExtensibilityGlobals) = postSolution
		SolutionGuid = {70E54964-0E62-4352-A0A7-4313C2E732CA}
	EndGlobalSection
EndGlobal
